
Microsoft Visual Studio Solution File, Format Version 12.00
# Visual Studio Version 17
VisualStudioVersion = 17.5.33627.172
MinimumVisualStudioVersion = 10.0.40219.1
Project("{2150E333-8FDC-42A3-9474-1A3956D46DE8}") = "FrontEnd", "FrontEnd", "{224881F4-C8E7-4A24-A7AF-B1AFE4C5224D}"
EndProject
Project("{2150E333-8FDC-42A3-9474-1A3956D46DE8}") = "Gateway", "Gateway", "{F040BCE8-5870-4F84-8A06-C01F0581B212}"
EndProject
Project("{2150E333-8FDC-42A3-9474-1A3956D46DE8}") = "Integration", "Integration", "{673AB121-26FB-4815-B687-A35C57C9B4A6}"
EndProject
Project("{2150E333-8FDC-42A3-9474-1A3956D46DE8}") = "Services", "Services", "{65F3C399-3B55-4054-A0C5-5FB99ADEFE8C}"
EndProject
Project("{9A19103F-16F7-4668-BE54-9A1E7A4F7556}") = "Mango.Services.CouponAPI", "Mango.Services.CouponAPI\Mango.Services.CouponAPI.csproj", "{42F1A7C9-5A32-4D6C-931C-259D78A70B19}"
EndProject
Project("{FAE04EC0-301F-11D3-BF4B-00C04F79EFBC}") = "Mango.Web", "Mango.Web\Mango.Web.csproj", "{9E05EEDF-52B9-4EF0-AF76-AD71988E17B5}"
EndProject
Global
	GlobalSection(SolutionConfigurationPlatforms) = preSolution
		Debug|Any CPU = Debug|Any CPU
		Release|Any CPU = Release|Any CPU
	EndGlobalSection
	GlobalSection(ProjectConfigurationPlatforms) = postSolution
		{42F1A7C9-5A32-4D6C-931C-259D78A70B19}.Debug|Any CPU.ActiveCfg = Debug|Any CPU
		{42F1A7C9-5A32-4D6C-931C-259D78A70B19}.Debug|Any CPU.Build.0 = Debug|Any CPU
		{42F1A7C9-5A32-4D6C-931C-259D78A70B19}.Release|Any CPU.ActiveCfg = Release|Any CPU
		{42F1A7C9-5A32-4D6C-931C-259D78A70B19}.Release|Any CPU.Build.0 = Release|Any CPU
		{9E05EEDF-52B9-4EF0-AF76-AD71988E17B5}.Debug|Any CPU.ActiveCfg = Debug|Any CPU
		{9E05EEDF-52B9-4EF0-AF76-AD71988E17B5}.Debug|Any CPU.Build.0 = Debug|Any CPU
		{9E05EEDF-52B9-4EF0-AF76-AD71988E17B5}.Release|Any CPU.ActiveCfg = Release|Any CPU
		{9E05EEDF-52B9-4EF0-AF76-AD71988E17B5}.Release|Any CPU.Build.0 = Release|Any CPU
	EndGlobalSection
	GlobalSection(SolutionProperties) = preSolution
		HideSolutionNode = FALSE
	EndGlobalSection
	GlobalSection(NestedProjects) = preSolution
		{42F1A7C9-5A32-4D6C-931C-259D78A70B19} = {65F3C399-3B55-4054-A0C5-5FB99ADEFE8C}
		{9E05EEDF-52B9-4EF0-AF76-AD71988E17B5} = {224881F4-C8E7-4A24-A7AF-B1AFE4C5224D}
	EndGlobalSection
	GlobalSection(ExtensibilityGlobals) = postSolution
		SolutionGuid = {7B5B9C85-BEB2-4FE8-A9AD-171D1A4D7924}
	EndGlobalSection
EndGlobal
